
Microsoft Visual Studio Solution File, Format Version 12.00
# Visual Studio 2013
VisualStudioVersion = 12.0.20623.1 VSUPREVIEW
MinimumVisualStudioVersion = 10.0.40219.1
Project("{FAE04EC0-301F-11D3-BF4B-00C04F79EFBC}") = "Rnet", "Rnet\Rnet.csproj", "{9E1BB758-B788-4C23-959B-201E27B221FC}"
EndProject
Project("{FAE04EC0-301F-11D3-BF4B-00C04F79EFBC}") = "Rnet.Tests", "Rnet.Tests\Rnet.Tests.csproj", "{05FB2CC3-4C77-4D17-8A38-A800EAD2EBA1}"
EndProject
Project("{FAE04EC0-301F-11D3-BF4B-00C04F79EFBC}") = "Rnet.Manager", "Rnet.Manager\Rnet.Manager.csproj", "{E42F6C2E-3F42-4809-BA27-0B45BFE99B17}"
EndProject
Project("{FAE04EC0-301F-11D3-BF4B-00C04F79EFBC}") = "Rnet.Drivers", "Rnet.Drivers\Rnet.Drivers.csproj", "{F5AD5681-FA01-43D7-9C55-D4786449BA3B}"
EndProject
Project("{FAE04EC0-301F-11D3-BF4B-00C04F79EFBC}") = "Rnet.Profiles", "Rnet.Profiles\Rnet.Profiles.csproj", "{A12246AC-A28F-4C52-8EAB-CDD6F0B2896E}"
EndProject
Project("{FAE04EC0-301F-11D3-BF4B-00C04F79EFBC}") = "Rnet.Drivers.Russound", "Rnet.Drivers.Russound\Rnet.Drivers.Russound.csproj", "{5ED2A90A-CDF8-4923-ADD5-E0056B468213}"
EndProject
Project("{FAE04EC0-301F-11D3-BF4B-00C04F79EFBC}") = "Rnet.Service", "Rnet.Service\Rnet.Service.csproj", "{4DA6CFF7-9AFD-472B-8127-029857576A43}"
EndProject
Project("{2150E333-8FDC-42A3-9474-1A3956D46DE8}") = ".nuget", ".nuget", "{103C6F76-F61B-4696-87F4-CD6E154B2F10}"
	ProjectSection(SolutionItems) = preProject
		.nuget\packages.config = .nuget\packages.config
	EndProjectSection
EndProject
Project("{FAE04EC0-301F-11D3-BF4B-00C04F79EFBC}") = "Rnet.Service.Host", "Rnet.Service.Host\Rnet.Service.Host.csproj", "{95FBFEDF-4AA4-480A-99F1-9518BBB75565}"
EndProject
Project("{FAE04EC0-301F-11D3-BF4B-00C04F79EFBC}") = "Nancy.Bootstrapper.Mef", "Nancy.Bootstrapper.Mef\Nancy.Bootstrapper.Mef.csproj", "{187DCEDF-7093-46FC-8C76-793F0C6BD591}"
EndProject
Global
	GlobalSection(SolutionConfigurationPlatforms) = preSolution
		Debug|Any CPU = Debug|Any CPU
		Release|Any CPU = Release|Any CPU
	EndGlobalSection
	GlobalSection(ProjectConfigurationPlatforms) = postSolution
		{9E1BB758-B788-4C23-959B-201E27B221FC}.Debug|Any CPU.ActiveCfg = Debug|Any CPU
		{9E1BB758-B788-4C23-959B-201E27B221FC}.Debug|Any CPU.Build.0 = Debug|Any CPU
		{9E1BB758-B788-4C23-959B-201E27B221FC}.Release|Any CPU.ActiveCfg = Release|Any CPU
		{9E1BB758-B788-4C23-959B-201E27B221FC}.Release|Any CPU.Build.0 = Release|Any CPU
		{05FB2CC3-4C77-4D17-8A38-A800EAD2EBA1}.Debug|Any CPU.ActiveCfg = Debug|Any CPU
		{05FB2CC3-4C77-4D17-8A38-A800EAD2EBA1}.Debug|Any CPU.Build.0 = Debug|Any CPU
		{05FB2CC3-4C77-4D17-8A38-A800EAD2EBA1}.Release|Any CPU.ActiveCfg = Release|Any CPU
		{05FB2CC3-4C77-4D17-8A38-A800EAD2EBA1}.Release|Any CPU.Build.0 = Release|Any CPU
		{E42F6C2E-3F42-4809-BA27-0B45BFE99B17}.Debug|Any CPU.ActiveCfg = Debug|Any CPU
		{E42F6C2E-3F42-4809-BA27-0B45BFE99B17}.Debug|Any CPU.Build.0 = Debug|Any CPU
		{E42F6C2E-3F42-4809-BA27-0B45BFE99B17}.Release|Any CPU.ActiveCfg = Release|Any CPU
		{E42F6C2E-3F42-4809-BA27-0B45BFE99B17}.Release|Any CPU.Build.0 = Release|Any CPU
		{F5AD5681-FA01-43D7-9C55-D4786449BA3B}.Debug|Any CPU.ActiveCfg = Debug|Any CPU
		{F5AD5681-FA01-43D7-9C55-D4786449BA3B}.Debug|Any CPU.Build.0 = Debug|Any CPU
		{F5AD5681-FA01-43D7-9C55-D4786449BA3B}.Release|Any CPU.ActiveCfg = Release|Any CPU
		{F5AD5681-FA01-43D7-9C55-D4786449BA3B}.Release|Any CPU.Build.0 = Release|Any CPU
		{A12246AC-A28F-4C52-8EAB-CDD6F0B2896E}.Debug|Any CPU.ActiveCfg = Debug|Any CPU
		{A12246AC-A28F-4C52-8EAB-CDD6F0B2896E}.Debug|Any CPU.Build.0 = Debug|Any CPU
		{A12246AC-A28F-4C52-8EAB-CDD6F0B2896E}.Release|Any CPU.ActiveCfg = Release|Any CPU
		{A12246AC-A28F-4C52-8EAB-CDD6F0B2896E}.Release|Any CPU.Build.0 = Release|Any CPU
		{5ED2A90A-CDF8-4923-ADD5-E0056B468213}.Debug|Any CPU.ActiveCfg = Debug|Any CPU
		{5ED2A90A-CDF8-4923-ADD5-E0056B468213}.Debug|Any CPU.Build.0 = Debug|Any CPU
		{5ED2A90A-CDF8-4923-ADD5-E0056B468213}.Release|Any CPU.ActiveCfg = Release|Any CPU
		{5ED2A90A-CDF8-4923-ADD5-E0056B468213}.Release|Any CPU.Build.0 = Release|Any CPU
		{4DA6CFF7-9AFD-472B-8127-029857576A43}.Debug|Any CPU.ActiveCfg = Debug|Any CPU
		{4DA6CFF7-9AFD-472B-8127-029857576A43}.Debug|Any CPU.Build.0 = Debug|Any CPU
		{4DA6CFF7-9AFD-472B-8127-029857576A43}.Release|Any CPU.ActiveCfg = Release|Any CPU
		{4DA6CFF7-9AFD-472B-8127-029857576A43}.Release|Any CPU.Build.0 = Release|Any CPU
		{95FBFEDF-4AA4-480A-99F1-9518BBB75565}.Debug|Any CPU.ActiveCfg = Debug|Any CPU
		{95FBFEDF-4AA4-480A-99F1-9518BBB75565}.Debug|Any CPU.Build.0 = Debug|Any CPU
		{95FBFEDF-4AA4-480A-99F1-9518BBB75565}.Release|Any CPU.ActiveCfg = Release|Any CPU
		{95FBFEDF-4AA4-480A-99F1-9518BBB75565}.Release|Any CPU.Build.0 = Release|Any CPU
		{187DCEDF-7093-46FC-8C76-793F0C6BD591}.Debug|Any CPU.ActiveCfg = Debug|Any CPU
		{187DCEDF-7093-46FC-8C76-793F0C6BD591}.Debug|Any CPU.Build.0 = Debug|Any CPU
		{187DCEDF-7093-46FC-8C76-793F0C6BD591}.Release|Any CPU.ActiveCfg = Release|Any CPU
		{187DCEDF-7093-46FC-8C76-793F0C6BD591}.Release|Any CPU.Build.0 = Release|Any CPU
	EndGlobalSection
	GlobalSection(SolutionProperties) = preSolution
		HideSolutionNode = FALSE
	EndGlobalSection
EndGlobal
