
Microsoft Visual Studio Solution File, Format Version 12.00
# Visual Studio 2012
Project("{FAE04EC0-301F-11D3-BF4B-00C04F79EFBC}") = "Mono.Ssdp", "mono-upnp\src\Mono.Ssdp\Mono.Ssdp\Mono.Ssdp.csproj", "{AD422A19-BA07-4039-B843-84E386804DD1}"
EndProject
Project("{FAE04EC0-301F-11D3-BF4B-00C04F79EFBC}") = "Mono.Upnp", "mono-upnp\src\Mono.Upnp\Mono.Upnp\Mono.Upnp.csproj", "{5E5A8C5E-334D-4ED2-B40F-34712C7E085C}"
EndProject
Project("{FAE04EC0-301F-11D3-BF4B-00C04F79EFBC}") = "Rnet.Upnp", "Rnet.Upnp\Rnet.Upnp.csproj", "{3BC5A3F3-279B-49F8-AB95-5D388F1A5E80}"
EndProject
Project("{FAE04EC0-301F-11D3-BF4B-00C04F79EFBC}") = "Rnet.Monitor", "Rnet.Monitor\Rnet.Monitor.csproj", "{5E61857C-721C-4D67-A21D-821B8E1BAB82}"
EndProject
Project("{FAE04EC0-301F-11D3-BF4B-00C04F79EFBC}") = "Rnet.Upnp.Server", "Rnet.Upnp.Server\Rnet.Upnp.Server.csproj", "{80BAF77E-F7C9-4B5C-91D2-6012AB622995}"
EndProject
Project("{FAE04EC0-301F-11D3-BF4B-00C04F79EFBC}") = "Rnet.Protocol", "Rnet.Protocol\Rnet.Protocol.csproj", "{9E1BB758-B788-4C23-959B-201E27B221FC}"
EndProject
Project("{FAE04EC0-301F-11D3-BF4B-00C04F79EFBC}") = "Rnet.Protocol.Tests", "Rnet.Protocol.Tests\Rnet.Protocol.Tests.csproj", "{05FB2CC3-4C77-4D17-8A38-A800EAD2EBA1}"
EndProject
Global
	GlobalSection(SolutionConfigurationPlatforms) = preSolution
		Debug|Any CPU = Debug|Any CPU
		Release|Any CPU = Release|Any CPU
	EndGlobalSection
	GlobalSection(ProjectConfigurationPlatforms) = postSolution
		{AD422A19-BA07-4039-B843-84E386804DD1}.Debug|Any CPU.ActiveCfg = Debug|Any CPU
		{AD422A19-BA07-4039-B843-84E386804DD1}.Debug|Any CPU.Build.0 = Debug|Any CPU
		{AD422A19-BA07-4039-B843-84E386804DD1}.Release|Any CPU.ActiveCfg = Release|Any CPU
		{AD422A19-BA07-4039-B843-84E386804DD1}.Release|Any CPU.Build.0 = Release|Any CPU
		{5E5A8C5E-334D-4ED2-B40F-34712C7E085C}.Debug|Any CPU.ActiveCfg = Debug|Any CPU
		{5E5A8C5E-334D-4ED2-B40F-34712C7E085C}.Debug|Any CPU.Build.0 = Debug|Any CPU
		{5E5A8C5E-334D-4ED2-B40F-34712C7E085C}.Release|Any CPU.ActiveCfg = Release|Any CPU
		{5E5A8C5E-334D-4ED2-B40F-34712C7E085C}.Release|Any CPU.Build.0 = Release|Any CPU
		{3BC5A3F3-279B-49F8-AB95-5D388F1A5E80}.Debug|Any CPU.ActiveCfg = Debug|Any CPU
		{3BC5A3F3-279B-49F8-AB95-5D388F1A5E80}.Debug|Any CPU.Build.0 = Debug|Any CPU
		{3BC5A3F3-279B-49F8-AB95-5D388F1A5E80}.Release|Any CPU.ActiveCfg = Release|Any CPU
		{3BC5A3F3-279B-49F8-AB95-5D388F1A5E80}.Release|Any CPU.Build.0 = Release|Any CPU
		{5E61857C-721C-4D67-A21D-821B8E1BAB82}.Debug|Any CPU.ActiveCfg = Debug|Any CPU
		{5E61857C-721C-4D67-A21D-821B8E1BAB82}.Debug|Any CPU.Build.0 = Debug|Any CPU
		{5E61857C-721C-4D67-A21D-821B8E1BAB82}.Release|Any CPU.ActiveCfg = Release|Any CPU
		{5E61857C-721C-4D67-A21D-821B8E1BAB82}.Release|Any CPU.Build.0 = Release|Any CPU
		{80BAF77E-F7C9-4B5C-91D2-6012AB622995}.Debug|Any CPU.ActiveCfg = Debug|Any CPU
		{80BAF77E-F7C9-4B5C-91D2-6012AB622995}.Debug|Any CPU.Build.0 = Debug|Any CPU
		{80BAF77E-F7C9-4B5C-91D2-6012AB622995}.Release|Any CPU.ActiveCfg = Release|Any CPU
		{80BAF77E-F7C9-4B5C-91D2-6012AB622995}.Release|Any CPU.Build.0 = Release|Any CPU
		{9E1BB758-B788-4C23-959B-201E27B221FC}.Debug|Any CPU.ActiveCfg = Debug|Any CPU
		{9E1BB758-B788-4C23-959B-201E27B221FC}.Debug|Any CPU.Build.0 = Debug|Any CPU
		{9E1BB758-B788-4C23-959B-201E27B221FC}.Release|Any CPU.ActiveCfg = Release|Any CPU
		{9E1BB758-B788-4C23-959B-201E27B221FC}.Release|Any CPU.Build.0 = Release|Any CPU
		{05FB2CC3-4C77-4D17-8A38-A800EAD2EBA1}.Debug|Any CPU.ActiveCfg = Debug|Any CPU
		{05FB2CC3-4C77-4D17-8A38-A800EAD2EBA1}.Debug|Any CPU.Build.0 = Debug|Any CPU
		{05FB2CC3-4C77-4D17-8A38-A800EAD2EBA1}.Release|Any CPU.ActiveCfg = Release|Any CPU
		{05FB2CC3-4C77-4D17-8A38-A800EAD2EBA1}.Release|Any CPU.Build.0 = Release|Any CPU
	EndGlobalSection
	GlobalSection(SolutionProperties) = preSolution
		HideSolutionNode = FALSE
	EndGlobalSection
EndGlobal
