
Microsoft Visual Studio Solution File, Format Version 12.00
# Visual Studio 14
VisualStudioVersion = 14.0.25420.1
MinimumVisualStudioVersion = 10.0.40219.1
Project("{FAE04EC0-301F-11D3-BF4B-00C04F79EFBC}") = "Rnet", "Rnet\Rnet.csproj", "{9E1BB758-B788-4C23-959B-201E27B221FC}"
EndProject
Project("{FAE04EC0-301F-11D3-BF4B-00C04F79EFBC}") = "Rnet.Tests", "Rnet.Tests\Rnet.Tests.csproj", "{05FB2CC3-4C77-4D17-8A38-A800EAD2EBA1}"
EndProject
Project("{FAE04EC0-301F-11D3-BF4B-00C04F79EFBC}") = "Rnet.Drivers", "Rnet.Drivers\Rnet.Drivers.csproj", "{F5AD5681-FA01-43D7-9C55-D4786449BA3B}"
EndProject
Project("{FAE04EC0-301F-11D3-BF4B-00C04F79EFBC}") = "Rnet.Profiles", "Rnet.Profiles\Rnet.Profiles.csproj", "{A12246AC-A28F-4C52-8EAB-CDD6F0B2896E}"
EndProject
Project("{FAE04EC0-301F-11D3-BF4B-00C04F79EFBC}") = "Rnet.Drivers.Russound", "Rnet.Drivers.Russound\Rnet.Drivers.Russound.csproj", "{5ED2A90A-CDF8-4923-ADD5-E0056B468213}"
EndProject
Project("{FAE04EC0-301F-11D3-BF4B-00C04F79EFBC}") = "Rnet.Service", "Rnet.Service\Rnet.Service.csproj", "{4DA6CFF7-9AFD-472B-8127-029857576A43}"
EndProject
Project("{2150E333-8FDC-42A3-9474-1A3956D46DE8}") = ".nuget", ".nuget", "{103C6F76-F61B-4696-87F4-CD6E154B2F10}"
	ProjectSection(SolutionItems) = preProject
		.nuget\NuGet.config = .nuget\NuGet.config
		.nuget\NuGet.exe = .nuget\NuGet.exe
		.nuget\NuGet.targets = .nuget\NuGet.targets
		.nuget\packages.config = .nuget\packages.config
	EndProjectSection
EndProject
Project("{FAE04EC0-301F-11D3-BF4B-00C04F79EFBC}") = "Rnet.Service.Host", "Rnet.Service.Host\Rnet.Service.Host.csproj", "{95FBFEDF-4AA4-480A-99F1-9518BBB75565}"
EndProject
Project("{D954291E-2A0B-460D-934E-DC6B0785DB48}") = "Rnet.Util", "Rnet.Util\Rnet.Util.shproj", "{2E07278C-D001-4BA7-A9FB-782415210F91}"
EndProject
Project("{FAE04EC0-301F-11D3-BF4B-00C04F79EFBC}") = "Rnet.Service.Host.Win32", "Rnet.Service.Host.Win32\Rnet.Service.Host.Win32.csproj", "{20B5FFE2-E814-4BC3-BDC0-2E75C3AEC410}"
EndProject
Global
	GlobalSection(SharedMSBuildProjectFiles) = preSolution
		Rnet.Util\Rnet.Util.projitems*{2e07278c-d001-4ba7-a9fb-782415210f91}*SharedItemsImports = 13
		Rnet.Util\Rnet.Util.projitems*{9e1bb758-b788-4c23-959b-201e27b221fc}*SharedItemsImports = 4
	EndGlobalSection
	GlobalSection(SolutionConfigurationPlatforms) = preSolution
		Ad-Hoc|Any CPU = Ad-Hoc|Any CPU
		Ad-Hoc|ARM = Ad-Hoc|ARM
		Ad-Hoc|iPhone = Ad-Hoc|iPhone
		Ad-Hoc|iPhoneSimulator = Ad-Hoc|iPhoneSimulator
		Ad-Hoc|Mixed Platforms = Ad-Hoc|Mixed Platforms
		Ad-Hoc|x86 = Ad-Hoc|x86
		AppStore|Any CPU = AppStore|Any CPU
		AppStore|ARM = AppStore|ARM
		AppStore|iPhone = AppStore|iPhone
		AppStore|iPhoneSimulator = AppStore|iPhoneSimulator
		AppStore|Mixed Platforms = AppStore|Mixed Platforms
		AppStore|x86 = AppStore|x86
		Debug|Any CPU = Debug|Any CPU
		Debug|ARM = Debug|ARM
		Debug|iPhone = Debug|iPhone
		Debug|iPhoneSimulator = Debug|iPhoneSimulator
		Debug|Mixed Platforms = Debug|Mixed Platforms
		Debug|x86 = Debug|x86
		Release|Any CPU = Release|Any CPU
		Release|ARM = Release|ARM
		Release|iPhone = Release|iPhone
		Release|iPhoneSimulator = Release|iPhoneSimulator
		Release|Mixed Platforms = Release|Mixed Platforms
		Release|x86 = Release|x86
	EndGlobalSection
	GlobalSection(ProjectConfigurationPlatforms) = postSolution
		{9E1BB758-B788-4C23-959B-201E27B221FC}.Ad-Hoc|Any CPU.ActiveCfg = Release|Any CPU
		{9E1BB758-B788-4C23-959B-201E27B221FC}.Ad-Hoc|Any CPU.Build.0 = Release|Any CPU
		{9E1BB758-B788-4C23-959B-201E27B221FC}.Ad-Hoc|ARM.ActiveCfg = Release|Any CPU
		{9E1BB758-B788-4C23-959B-201E27B221FC}.Ad-Hoc|iPhone.ActiveCfg = Release|Any CPU
		{9E1BB758-B788-4C23-959B-201E27B221FC}.Ad-Hoc|iPhoneSimulator.ActiveCfg = Release|Any CPU
		{9E1BB758-B788-4C23-959B-201E27B221FC}.Ad-Hoc|Mixed Platforms.ActiveCfg = Release|Any CPU
		{9E1BB758-B788-4C23-959B-201E27B221FC}.Ad-Hoc|Mixed Platforms.Build.0 = Release|Any CPU
		{9E1BB758-B788-4C23-959B-201E27B221FC}.Ad-Hoc|x86.ActiveCfg = Release|Any CPU
		{9E1BB758-B788-4C23-959B-201E27B221FC}.AppStore|Any CPU.ActiveCfg = Release|Any CPU
		{9E1BB758-B788-4C23-959B-201E27B221FC}.AppStore|Any CPU.Build.0 = Release|Any CPU
		{9E1BB758-B788-4C23-959B-201E27B221FC}.AppStore|ARM.ActiveCfg = Release|Any CPU
		{9E1BB758-B788-4C23-959B-201E27B221FC}.AppStore|iPhone.ActiveCfg = Release|Any CPU
		{9E1BB758-B788-4C23-959B-201E27B221FC}.AppStore|iPhoneSimulator.ActiveCfg = Release|Any CPU
		{9E1BB758-B788-4C23-959B-201E27B221FC}.AppStore|Mixed Platforms.ActiveCfg = Release|Any CPU
		{9E1BB758-B788-4C23-959B-201E27B221FC}.AppStore|Mixed Platforms.Build.0 = Release|Any CPU
		{9E1BB758-B788-4C23-959B-201E27B221FC}.AppStore|x86.ActiveCfg = Release|Any CPU
		{9E1BB758-B788-4C23-959B-201E27B221FC}.Debug|Any CPU.ActiveCfg = Debug|Any CPU
		{9E1BB758-B788-4C23-959B-201E27B221FC}.Debug|Any CPU.Build.0 = Debug|Any CPU
		{9E1BB758-B788-4C23-959B-201E27B221FC}.Debug|ARM.ActiveCfg = Debug|Any CPU
		{9E1BB758-B788-4C23-959B-201E27B221FC}.Debug|iPhone.ActiveCfg = Debug|Any CPU
		{9E1BB758-B788-4C23-959B-201E27B221FC}.Debug|iPhoneSimulator.ActiveCfg = Debug|Any CPU
		{9E1BB758-B788-4C23-959B-201E27B221FC}.Debug|Mixed Platforms.ActiveCfg = Debug|Any CPU
		{9E1BB758-B788-4C23-959B-201E27B221FC}.Debug|Mixed Platforms.Build.0 = Debug|Any CPU
		{9E1BB758-B788-4C23-959B-201E27B221FC}.Debug|x86.ActiveCfg = Debug|Any CPU
		{9E1BB758-B788-4C23-959B-201E27B221FC}.Release|Any CPU.ActiveCfg = Release|Any CPU
		{9E1BB758-B788-4C23-959B-201E27B221FC}.Release|Any CPU.Build.0 = Release|Any CPU
		{9E1BB758-B788-4C23-959B-201E27B221FC}.Release|ARM.ActiveCfg = Release|Any CPU
		{9E1BB758-B788-4C23-959B-201E27B221FC}.Release|iPhone.ActiveCfg = Release|Any CPU
		{9E1BB758-B788-4C23-959B-201E27B221FC}.Release|iPhoneSimulator.ActiveCfg = Release|Any CPU
		{9E1BB758-B788-4C23-959B-201E27B221FC}.Release|Mixed Platforms.ActiveCfg = Release|Any CPU
		{9E1BB758-B788-4C23-959B-201E27B221FC}.Release|Mixed Platforms.Build.0 = Release|Any CPU
		{9E1BB758-B788-4C23-959B-201E27B221FC}.Release|x86.ActiveCfg = Release|Any CPU
		{05FB2CC3-4C77-4D17-8A38-A800EAD2EBA1}.Ad-Hoc|Any CPU.ActiveCfg = Release|Any CPU
		{05FB2CC3-4C77-4D17-8A38-A800EAD2EBA1}.Ad-Hoc|Any CPU.Build.0 = Release|Any CPU
		{05FB2CC3-4C77-4D17-8A38-A800EAD2EBA1}.Ad-Hoc|ARM.ActiveCfg = Release|Any CPU
		{05FB2CC3-4C77-4D17-8A38-A800EAD2EBA1}.Ad-Hoc|iPhone.ActiveCfg = Release|Any CPU
		{05FB2CC3-4C77-4D17-8A38-A800EAD2EBA1}.Ad-Hoc|iPhoneSimulator.ActiveCfg = Release|Any CPU
		{05FB2CC3-4C77-4D17-8A38-A800EAD2EBA1}.Ad-Hoc|Mixed Platforms.ActiveCfg = Release|Any CPU
		{05FB2CC3-4C77-4D17-8A38-A800EAD2EBA1}.Ad-Hoc|Mixed Platforms.Build.0 = Release|Any CPU
		{05FB2CC3-4C77-4D17-8A38-A800EAD2EBA1}.Ad-Hoc|x86.ActiveCfg = Release|Any CPU
		{05FB2CC3-4C77-4D17-8A38-A800EAD2EBA1}.AppStore|Any CPU.ActiveCfg = Release|Any CPU
		{05FB2CC3-4C77-4D17-8A38-A800EAD2EBA1}.AppStore|Any CPU.Build.0 = Release|Any CPU
		{05FB2CC3-4C77-4D17-8A38-A800EAD2EBA1}.AppStore|ARM.ActiveCfg = Release|Any CPU
		{05FB2CC3-4C77-4D17-8A38-A800EAD2EBA1}.AppStore|iPhone.ActiveCfg = Release|Any CPU
		{05FB2CC3-4C77-4D17-8A38-A800EAD2EBA1}.AppStore|iPhoneSimulator.ActiveCfg = Release|Any CPU
		{05FB2CC3-4C77-4D17-8A38-A800EAD2EBA1}.AppStore|Mixed Platforms.ActiveCfg = Release|Any CPU
		{05FB2CC3-4C77-4D17-8A38-A800EAD2EBA1}.AppStore|Mixed Platforms.Build.0 = Release|Any CPU
		{05FB2CC3-4C77-4D17-8A38-A800EAD2EBA1}.AppStore|x86.ActiveCfg = Release|Any CPU
		{05FB2CC3-4C77-4D17-8A38-A800EAD2EBA1}.Debug|Any CPU.ActiveCfg = Debug|Any CPU
		{05FB2CC3-4C77-4D17-8A38-A800EAD2EBA1}.Debug|Any CPU.Build.0 = Debug|Any CPU
		{05FB2CC3-4C77-4D17-8A38-A800EAD2EBA1}.Debug|ARM.ActiveCfg = Debug|Any CPU
		{05FB2CC3-4C77-4D17-8A38-A800EAD2EBA1}.Debug|iPhone.ActiveCfg = Debug|Any CPU
		{05FB2CC3-4C77-4D17-8A38-A800EAD2EBA1}.Debug|iPhoneSimulator.ActiveCfg = Debug|Any CPU
		{05FB2CC3-4C77-4D17-8A38-A800EAD2EBA1}.Debug|Mixed Platforms.ActiveCfg = Debug|Any CPU
		{05FB2CC3-4C77-4D17-8A38-A800EAD2EBA1}.Debug|Mixed Platforms.Build.0 = Debug|Any CPU
		{05FB2CC3-4C77-4D17-8A38-A800EAD2EBA1}.Debug|x86.ActiveCfg = Debug|Any CPU
		{05FB2CC3-4C77-4D17-8A38-A800EAD2EBA1}.Release|Any CPU.ActiveCfg = Release|Any CPU
		{05FB2CC3-4C77-4D17-8A38-A800EAD2EBA1}.Release|Any CPU.Build.0 = Release|Any CPU
		{05FB2CC3-4C77-4D17-8A38-A800EAD2EBA1}.Release|ARM.ActiveCfg = Release|Any CPU
		{05FB2CC3-4C77-4D17-8A38-A800EAD2EBA1}.Release|iPhone.ActiveCfg = Release|Any CPU
		{05FB2CC3-4C77-4D17-8A38-A800EAD2EBA1}.Release|iPhoneSimulator.ActiveCfg = Release|Any CPU
		{05FB2CC3-4C77-4D17-8A38-A800EAD2EBA1}.Release|Mixed Platforms.ActiveCfg = Release|Any CPU
		{05FB2CC3-4C77-4D17-8A38-A800EAD2EBA1}.Release|Mixed Platforms.Build.0 = Release|Any CPU
		{05FB2CC3-4C77-4D17-8A38-A800EAD2EBA1}.Release|x86.ActiveCfg = Release|Any CPU
		{F5AD5681-FA01-43D7-9C55-D4786449BA3B}.Ad-Hoc|Any CPU.ActiveCfg = Release|Any CPU
		{F5AD5681-FA01-43D7-9C55-D4786449BA3B}.Ad-Hoc|Any CPU.Build.0 = Release|Any CPU
		{F5AD5681-FA01-43D7-9C55-D4786449BA3B}.Ad-Hoc|ARM.ActiveCfg = Release|Any CPU
		{F5AD5681-FA01-43D7-9C55-D4786449BA3B}.Ad-Hoc|iPhone.ActiveCfg = Release|Any CPU
		{F5AD5681-FA01-43D7-9C55-D4786449BA3B}.Ad-Hoc|iPhoneSimulator.ActiveCfg = Release|Any CPU
		{F5AD5681-FA01-43D7-9C55-D4786449BA3B}.Ad-Hoc|Mixed Platforms.ActiveCfg = Release|Any CPU
		{F5AD5681-FA01-43D7-9C55-D4786449BA3B}.Ad-Hoc|Mixed Platforms.Build.0 = Release|Any CPU
		{F5AD5681-FA01-43D7-9C55-D4786449BA3B}.Ad-Hoc|x86.ActiveCfg = Release|Any CPU
		{F5AD5681-FA01-43D7-9C55-D4786449BA3B}.AppStore|Any CPU.ActiveCfg = Release|Any CPU
		{F5AD5681-FA01-43D7-9C55-D4786449BA3B}.AppStore|Any CPU.Build.0 = Release|Any CPU
		{F5AD5681-FA01-43D7-9C55-D4786449BA3B}.AppStore|ARM.ActiveCfg = Release|Any CPU
		{F5AD5681-FA01-43D7-9C55-D4786449BA3B}.AppStore|iPhone.ActiveCfg = Release|Any CPU
		{F5AD5681-FA01-43D7-9C55-D4786449BA3B}.AppStore|iPhoneSimulator.ActiveCfg = Release|Any CPU
		{F5AD5681-FA01-43D7-9C55-D4786449BA3B}.AppStore|Mixed Platforms.ActiveCfg = Release|Any CPU
		{F5AD5681-FA01-43D7-9C55-D4786449BA3B}.AppStore|Mixed Platforms.Build.0 = Release|Any CPU
		{F5AD5681-FA01-43D7-9C55-D4786449BA3B}.AppStore|x86.ActiveCfg = Release|Any CPU
		{F5AD5681-FA01-43D7-9C55-D4786449BA3B}.Debug|Any CPU.ActiveCfg = Debug|Any CPU
		{F5AD5681-FA01-43D7-9C55-D4786449BA3B}.Debug|Any CPU.Build.0 = Debug|Any CPU
		{F5AD5681-FA01-43D7-9C55-D4786449BA3B}.Debug|ARM.ActiveCfg = Debug|Any CPU
		{F5AD5681-FA01-43D7-9C55-D4786449BA3B}.Debug|iPhone.ActiveCfg = Debug|Any CPU
		{F5AD5681-FA01-43D7-9C55-D4786449BA3B}.Debug|iPhoneSimulator.ActiveCfg = Debug|Any CPU
		{F5AD5681-FA01-43D7-9C55-D4786449BA3B}.Debug|Mixed Platforms.ActiveCfg = Debug|Any CPU
		{F5AD5681-FA01-43D7-9C55-D4786449BA3B}.Debug|Mixed Platforms.Build.0 = Debug|Any CPU
		{F5AD5681-FA01-43D7-9C55-D4786449BA3B}.Debug|x86.ActiveCfg = Debug|Any CPU
		{F5AD5681-FA01-43D7-9C55-D4786449BA3B}.Release|Any CPU.ActiveCfg = Release|Any CPU
		{F5AD5681-FA01-43D7-9C55-D4786449BA3B}.Release|Any CPU.Build.0 = Release|Any CPU
		{F5AD5681-FA01-43D7-9C55-D4786449BA3B}.Release|ARM.ActiveCfg = Release|Any CPU
		{F5AD5681-FA01-43D7-9C55-D4786449BA3B}.Release|iPhone.ActiveCfg = Release|Any CPU
		{F5AD5681-FA01-43D7-9C55-D4786449BA3B}.Release|iPhoneSimulator.ActiveCfg = Release|Any CPU
		{F5AD5681-FA01-43D7-9C55-D4786449BA3B}.Release|Mixed Platforms.ActiveCfg = Release|Any CPU
		{F5AD5681-FA01-43D7-9C55-D4786449BA3B}.Release|Mixed Platforms.Build.0 = Release|Any CPU
		{F5AD5681-FA01-43D7-9C55-D4786449BA3B}.Release|x86.ActiveCfg = Release|Any CPU
		{A12246AC-A28F-4C52-8EAB-CDD6F0B2896E}.Ad-Hoc|Any CPU.ActiveCfg = Release|Any CPU
		{A12246AC-A28F-4C52-8EAB-CDD6F0B2896E}.Ad-Hoc|Any CPU.Build.0 = Release|Any CPU
		{A12246AC-A28F-4C52-8EAB-CDD6F0B2896E}.Ad-Hoc|ARM.ActiveCfg = Release|Any CPU
		{A12246AC-A28F-4C52-8EAB-CDD6F0B2896E}.Ad-Hoc|iPhone.ActiveCfg = Release|Any CPU
		{A12246AC-A28F-4C52-8EAB-CDD6F0B2896E}.Ad-Hoc|iPhoneSimulator.ActiveCfg = Release|Any CPU
		{A12246AC-A28F-4C52-8EAB-CDD6F0B2896E}.Ad-Hoc|Mixed Platforms.ActiveCfg = Release|Any CPU
		{A12246AC-A28F-4C52-8EAB-CDD6F0B2896E}.Ad-Hoc|Mixed Platforms.Build.0 = Release|Any CPU
		{A12246AC-A28F-4C52-8EAB-CDD6F0B2896E}.Ad-Hoc|x86.ActiveCfg = Release|Any CPU
		{A12246AC-A28F-4C52-8EAB-CDD6F0B2896E}.AppStore|Any CPU.ActiveCfg = Release|Any CPU
		{A12246AC-A28F-4C52-8EAB-CDD6F0B2896E}.AppStore|Any CPU.Build.0 = Release|Any CPU
		{A12246AC-A28F-4C52-8EAB-CDD6F0B2896E}.AppStore|ARM.ActiveCfg = Release|Any CPU
		{A12246AC-A28F-4C52-8EAB-CDD6F0B2896E}.AppStore|iPhone.ActiveCfg = Release|Any CPU
		{A12246AC-A28F-4C52-8EAB-CDD6F0B2896E}.AppStore|iPhoneSimulator.ActiveCfg = Release|Any CPU
		{A12246AC-A28F-4C52-8EAB-CDD6F0B2896E}.AppStore|Mixed Platforms.ActiveCfg = Release|Any CPU
		{A12246AC-A28F-4C52-8EAB-CDD6F0B2896E}.AppStore|Mixed Platforms.Build.0 = Release|Any CPU
		{A12246AC-A28F-4C52-8EAB-CDD6F0B2896E}.AppStore|x86.ActiveCfg = Release|Any CPU
		{A12246AC-A28F-4C52-8EAB-CDD6F0B2896E}.Debug|Any CPU.ActiveCfg = Debug|Any CPU
		{A12246AC-A28F-4C52-8EAB-CDD6F0B2896E}.Debug|Any CPU.Build.0 = Debug|Any CPU
		{A12246AC-A28F-4C52-8EAB-CDD6F0B2896E}.Debug|ARM.ActiveCfg = Debug|Any CPU
		{A12246AC-A28F-4C52-8EAB-CDD6F0B2896E}.Debug|iPhone.ActiveCfg = Debug|Any CPU
		{A12246AC-A28F-4C52-8EAB-CDD6F0B2896E}.Debug|iPhoneSimulator.ActiveCfg = Debug|Any CPU
		{A12246AC-A28F-4C52-8EAB-CDD6F0B2896E}.Debug|Mixed Platforms.ActiveCfg = Debug|Any CPU
		{A12246AC-A28F-4C52-8EAB-CDD6F0B2896E}.Debug|Mixed Platforms.Build.0 = Debug|Any CPU
		{A12246AC-A28F-4C52-8EAB-CDD6F0B2896E}.Debug|x86.ActiveCfg = Debug|Any CPU
		{A12246AC-A28F-4C52-8EAB-CDD6F0B2896E}.Release|Any CPU.ActiveCfg = Release|Any CPU
		{A12246AC-A28F-4C52-8EAB-CDD6F0B2896E}.Release|Any CPU.Build.0 = Release|Any CPU
		{A12246AC-A28F-4C52-8EAB-CDD6F0B2896E}.Release|ARM.ActiveCfg = Release|Any CPU
		{A12246AC-A28F-4C52-8EAB-CDD6F0B2896E}.Release|iPhone.ActiveCfg = Release|Any CPU
		{A12246AC-A28F-4C52-8EAB-CDD6F0B2896E}.Release|iPhoneSimulator.ActiveCfg = Release|Any CPU
		{A12246AC-A28F-4C52-8EAB-CDD6F0B2896E}.Release|Mixed Platforms.ActiveCfg = Release|Any CPU
		{A12246AC-A28F-4C52-8EAB-CDD6F0B2896E}.Release|Mixed Platforms.Build.0 = Release|Any CPU
		{A12246AC-A28F-4C52-8EAB-CDD6F0B2896E}.Release|x86.ActiveCfg = Release|Any CPU
		{5ED2A90A-CDF8-4923-ADD5-E0056B468213}.Ad-Hoc|Any CPU.ActiveCfg = Release|Any CPU
		{5ED2A90A-CDF8-4923-ADD5-E0056B468213}.Ad-Hoc|Any CPU.Build.0 = Release|Any CPU
		{5ED2A90A-CDF8-4923-ADD5-E0056B468213}.Ad-Hoc|ARM.ActiveCfg = Release|Any CPU
		{5ED2A90A-CDF8-4923-ADD5-E0056B468213}.Ad-Hoc|iPhone.ActiveCfg = Release|Any CPU
		{5ED2A90A-CDF8-4923-ADD5-E0056B468213}.Ad-Hoc|iPhoneSimulator.ActiveCfg = Release|Any CPU
		{5ED2A90A-CDF8-4923-ADD5-E0056B468213}.Ad-Hoc|Mixed Platforms.ActiveCfg = Release|Any CPU
		{5ED2A90A-CDF8-4923-ADD5-E0056B468213}.Ad-Hoc|Mixed Platforms.Build.0 = Release|Any CPU
		{5ED2A90A-CDF8-4923-ADD5-E0056B468213}.Ad-Hoc|x86.ActiveCfg = Release|Any CPU
		{5ED2A90A-CDF8-4923-ADD5-E0056B468213}.AppStore|Any CPU.ActiveCfg = Release|Any CPU
		{5ED2A90A-CDF8-4923-ADD5-E0056B468213}.AppStore|Any CPU.Build.0 = Release|Any CPU
		{5ED2A90A-CDF8-4923-ADD5-E0056B468213}.AppStore|ARM.ActiveCfg = Release|Any CPU
		{5ED2A90A-CDF8-4923-ADD5-E0056B468213}.AppStore|iPhone.ActiveCfg = Release|Any CPU
		{5ED2A90A-CDF8-4923-ADD5-E0056B468213}.AppStore|iPhoneSimulator.ActiveCfg = Release|Any CPU
		{5ED2A90A-CDF8-4923-ADD5-E0056B468213}.AppStore|Mixed Platforms.ActiveCfg = Release|Any CPU
		{5ED2A90A-CDF8-4923-ADD5-E0056B468213}.AppStore|Mixed Platforms.Build.0 = Release|Any CPU
		{5ED2A90A-CDF8-4923-ADD5-E0056B468213}.AppStore|x86.ActiveCfg = Release|Any CPU
		{5ED2A90A-CDF8-4923-ADD5-E0056B468213}.Debug|Any CPU.ActiveCfg = Debug|Any CPU
		{5ED2A90A-CDF8-4923-ADD5-E0056B468213}.Debug|Any CPU.Build.0 = Debug|Any CPU
		{5ED2A90A-CDF8-4923-ADD5-E0056B468213}.Debug|ARM.ActiveCfg = Debug|Any CPU
		{5ED2A90A-CDF8-4923-ADD5-E0056B468213}.Debug|iPhone.ActiveCfg = Debug|Any CPU
		{5ED2A90A-CDF8-4923-ADD5-E0056B468213}.Debug|iPhoneSimulator.ActiveCfg = Debug|Any CPU
		{5ED2A90A-CDF8-4923-ADD5-E0056B468213}.Debug|Mixed Platforms.ActiveCfg = Debug|Any CPU
		{5ED2A90A-CDF8-4923-ADD5-E0056B468213}.Debug|Mixed Platforms.Build.0 = Debug|Any CPU
		{5ED2A90A-CDF8-4923-ADD5-E0056B468213}.Debug|x86.ActiveCfg = Debug|Any CPU
		{5ED2A90A-CDF8-4923-ADD5-E0056B468213}.Release|Any CPU.ActiveCfg = Release|Any CPU
		{5ED2A90A-CDF8-4923-ADD5-E0056B468213}.Release|Any CPU.Build.0 = Release|Any CPU
		{5ED2A90A-CDF8-4923-ADD5-E0056B468213}.Release|ARM.ActiveCfg = Release|Any CPU
		{5ED2A90A-CDF8-4923-ADD5-E0056B468213}.Release|iPhone.ActiveCfg = Release|Any CPU
		{5ED2A90A-CDF8-4923-ADD5-E0056B468213}.Release|iPhoneSimulator.ActiveCfg = Release|Any CPU
		{5ED2A90A-CDF8-4923-ADD5-E0056B468213}.Release|Mixed Platforms.ActiveCfg = Release|Any CPU
		{5ED2A90A-CDF8-4923-ADD5-E0056B468213}.Release|Mixed Platforms.Build.0 = Release|Any CPU
		{5ED2A90A-CDF8-4923-ADD5-E0056B468213}.Release|x86.ActiveCfg = Release|Any CPU
		{4DA6CFF7-9AFD-472B-8127-029857576A43}.Ad-Hoc|Any CPU.ActiveCfg = Release|Any CPU
		{4DA6CFF7-9AFD-472B-8127-029857576A43}.Ad-Hoc|Any CPU.Build.0 = Release|Any CPU
		{4DA6CFF7-9AFD-472B-8127-029857576A43}.Ad-Hoc|ARM.ActiveCfg = Release|Any CPU
		{4DA6CFF7-9AFD-472B-8127-029857576A43}.Ad-Hoc|iPhone.ActiveCfg = Release|Any CPU
		{4DA6CFF7-9AFD-472B-8127-029857576A43}.Ad-Hoc|iPhoneSimulator.ActiveCfg = Release|Any CPU
		{4DA6CFF7-9AFD-472B-8127-029857576A43}.Ad-Hoc|Mixed Platforms.ActiveCfg = Release|Any CPU
		{4DA6CFF7-9AFD-472B-8127-029857576A43}.Ad-Hoc|Mixed Platforms.Build.0 = Release|Any CPU
		{4DA6CFF7-9AFD-472B-8127-029857576A43}.Ad-Hoc|x86.ActiveCfg = Release|Any CPU
		{4DA6CFF7-9AFD-472B-8127-029857576A43}.AppStore|Any CPU.ActiveCfg = Release|Any CPU
		{4DA6CFF7-9AFD-472B-8127-029857576A43}.AppStore|Any CPU.Build.0 = Release|Any CPU
		{4DA6CFF7-9AFD-472B-8127-029857576A43}.AppStore|ARM.ActiveCfg = Release|Any CPU
		{4DA6CFF7-9AFD-472B-8127-029857576A43}.AppStore|iPhone.ActiveCfg = Release|Any CPU
		{4DA6CFF7-9AFD-472B-8127-029857576A43}.AppStore|iPhoneSimulator.ActiveCfg = Release|Any CPU
		{4DA6CFF7-9AFD-472B-8127-029857576A43}.AppStore|Mixed Platforms.ActiveCfg = Release|Any CPU
		{4DA6CFF7-9AFD-472B-8127-029857576A43}.AppStore|Mixed Platforms.Build.0 = Release|Any CPU
		{4DA6CFF7-9AFD-472B-8127-029857576A43}.AppStore|x86.ActiveCfg = Release|Any CPU
		{4DA6CFF7-9AFD-472B-8127-029857576A43}.Debug|Any CPU.ActiveCfg = Debug|Any CPU
		{4DA6CFF7-9AFD-472B-8127-029857576A43}.Debug|Any CPU.Build.0 = Debug|Any CPU
		{4DA6CFF7-9AFD-472B-8127-029857576A43}.Debug|ARM.ActiveCfg = Debug|Any CPU
		{4DA6CFF7-9AFD-472B-8127-029857576A43}.Debug|iPhone.ActiveCfg = Debug|Any CPU
		{4DA6CFF7-9AFD-472B-8127-029857576A43}.Debug|iPhoneSimulator.ActiveCfg = Debug|Any CPU
		{4DA6CFF7-9AFD-472B-8127-029857576A43}.Debug|Mixed Platforms.ActiveCfg = Debug|Any CPU
		{4DA6CFF7-9AFD-472B-8127-029857576A43}.Debug|Mixed Platforms.Build.0 = Debug|Any CPU
		{4DA6CFF7-9AFD-472B-8127-029857576A43}.Debug|x86.ActiveCfg = Debug|Any CPU
		{4DA6CFF7-9AFD-472B-8127-029857576A43}.Release|Any CPU.ActiveCfg = Release|Any CPU
		{4DA6CFF7-9AFD-472B-8127-029857576A43}.Release|Any CPU.Build.0 = Release|Any CPU
		{4DA6CFF7-9AFD-472B-8127-029857576A43}.Release|ARM.ActiveCfg = Release|Any CPU
		{4DA6CFF7-9AFD-472B-8127-029857576A43}.Release|iPhone.ActiveCfg = Release|Any CPU
		{4DA6CFF7-9AFD-472B-8127-029857576A43}.Release|iPhoneSimulator.ActiveCfg = Release|Any CPU
		{4DA6CFF7-9AFD-472B-8127-029857576A43}.Release|Mixed Platforms.ActiveCfg = Release|Any CPU
		{4DA6CFF7-9AFD-472B-8127-029857576A43}.Release|Mixed Platforms.Build.0 = Release|Any CPU
		{4DA6CFF7-9AFD-472B-8127-029857576A43}.Release|x86.ActiveCfg = Release|Any CPU
		{95FBFEDF-4AA4-480A-99F1-9518BBB75565}.Ad-Hoc|Any CPU.ActiveCfg = Release|Any CPU
		{95FBFEDF-4AA4-480A-99F1-9518BBB75565}.Ad-Hoc|Any CPU.Build.0 = Release|Any CPU
		{95FBFEDF-4AA4-480A-99F1-9518BBB75565}.Ad-Hoc|ARM.ActiveCfg = Release|Any CPU
		{95FBFEDF-4AA4-480A-99F1-9518BBB75565}.Ad-Hoc|iPhone.ActiveCfg = Release|Any CPU
		{95FBFEDF-4AA4-480A-99F1-9518BBB75565}.Ad-Hoc|iPhoneSimulator.ActiveCfg = Release|Any CPU
		{95FBFEDF-4AA4-480A-99F1-9518BBB75565}.Ad-Hoc|Mixed Platforms.ActiveCfg = Release|Any CPU
		{95FBFEDF-4AA4-480A-99F1-9518BBB75565}.Ad-Hoc|Mixed Platforms.Build.0 = Release|Any CPU
		{95FBFEDF-4AA4-480A-99F1-9518BBB75565}.Ad-Hoc|x86.ActiveCfg = Release|Any CPU
		{95FBFEDF-4AA4-480A-99F1-9518BBB75565}.AppStore|Any CPU.ActiveCfg = Release|Any CPU
		{95FBFEDF-4AA4-480A-99F1-9518BBB75565}.AppStore|Any CPU.Build.0 = Release|Any CPU
		{95FBFEDF-4AA4-480A-99F1-9518BBB75565}.AppStore|ARM.ActiveCfg = Release|Any CPU
		{95FBFEDF-4AA4-480A-99F1-9518BBB75565}.AppStore|iPhone.ActiveCfg = Release|Any CPU
		{95FBFEDF-4AA4-480A-99F1-9518BBB75565}.AppStore|iPhoneSimulator.ActiveCfg = Release|Any CPU
		{95FBFEDF-4AA4-480A-99F1-9518BBB75565}.AppStore|Mixed Platforms.ActiveCfg = Release|Any CPU
		{95FBFEDF-4AA4-480A-99F1-9518BBB75565}.AppStore|Mixed Platforms.Build.0 = Release|Any CPU
		{95FBFEDF-4AA4-480A-99F1-9518BBB75565}.AppStore|x86.ActiveCfg = Release|Any CPU
		{95FBFEDF-4AA4-480A-99F1-9518BBB75565}.Debug|Any CPU.ActiveCfg = Debug|Any CPU
		{95FBFEDF-4AA4-480A-99F1-9518BBB75565}.Debug|Any CPU.Build.0 = Debug|Any CPU
		{95FBFEDF-4AA4-480A-99F1-9518BBB75565}.Debug|ARM.ActiveCfg = Debug|Any CPU
		{95FBFEDF-4AA4-480A-99F1-9518BBB75565}.Debug|iPhone.ActiveCfg = Debug|Any CPU
		{95FBFEDF-4AA4-480A-99F1-9518BBB75565}.Debug|iPhoneSimulator.ActiveCfg = Debug|Any CPU
		{95FBFEDF-4AA4-480A-99F1-9518BBB75565}.Debug|Mixed Platforms.ActiveCfg = Debug|Any CPU
		{95FBFEDF-4AA4-480A-99F1-9518BBB75565}.Debug|Mixed Platforms.Build.0 = Debug|Any CPU
		{95FBFEDF-4AA4-480A-99F1-9518BBB75565}.Debug|x86.ActiveCfg = Debug|Any CPU
		{95FBFEDF-4AA4-480A-99F1-9518BBB75565}.Release|Any CPU.ActiveCfg = Release|Any CPU
		{95FBFEDF-4AA4-480A-99F1-9518BBB75565}.Release|Any CPU.Build.0 = Release|Any CPU
		{95FBFEDF-4AA4-480A-99F1-9518BBB75565}.Release|ARM.ActiveCfg = Release|Any CPU
		{95FBFEDF-4AA4-480A-99F1-9518BBB75565}.Release|iPhone.ActiveCfg = Release|Any CPU
		{95FBFEDF-4AA4-480A-99F1-9518BBB75565}.Release|iPhoneSimulator.ActiveCfg = Release|Any CPU
		{95FBFEDF-4AA4-480A-99F1-9518BBB75565}.Release|Mixed Platforms.ActiveCfg = Release|Any CPU
		{95FBFEDF-4AA4-480A-99F1-9518BBB75565}.Release|Mixed Platforms.Build.0 = Release|Any CPU
		{95FBFEDF-4AA4-480A-99F1-9518BBB75565}.Release|x86.ActiveCfg = Release|Any CPU
		{20B5FFE2-E814-4BC3-BDC0-2E75C3AEC410}.Ad-Hoc|Any CPU.ActiveCfg = Release|Any CPU
		{20B5FFE2-E814-4BC3-BDC0-2E75C3AEC410}.Ad-Hoc|Any CPU.Build.0 = Release|Any CPU
		{20B5FFE2-E814-4BC3-BDC0-2E75C3AEC410}.Ad-Hoc|ARM.ActiveCfg = Release|Any CPU
		{20B5FFE2-E814-4BC3-BDC0-2E75C3AEC410}.Ad-Hoc|iPhone.ActiveCfg = Release|Any CPU
		{20B5FFE2-E814-4BC3-BDC0-2E75C3AEC410}.Ad-Hoc|iPhoneSimulator.ActiveCfg = Release|Any CPU
		{20B5FFE2-E814-4BC3-BDC0-2E75C3AEC410}.Ad-Hoc|Mixed Platforms.ActiveCfg = Release|Any CPU
		{20B5FFE2-E814-4BC3-BDC0-2E75C3AEC410}.Ad-Hoc|Mixed Platforms.Build.0 = Release|Any CPU
		{20B5FFE2-E814-4BC3-BDC0-2E75C3AEC410}.Ad-Hoc|x86.ActiveCfg = Release|Any CPU
		{20B5FFE2-E814-4BC3-BDC0-2E75C3AEC410}.AppStore|Any CPU.ActiveCfg = Release|Any CPU
		{20B5FFE2-E814-4BC3-BDC0-2E75C3AEC410}.AppStore|Any CPU.Build.0 = Release|Any CPU
		{20B5FFE2-E814-4BC3-BDC0-2E75C3AEC410}.AppStore|ARM.ActiveCfg = Release|Any CPU
		{20B5FFE2-E814-4BC3-BDC0-2E75C3AEC410}.AppStore|iPhone.ActiveCfg = Release|Any CPU
		{20B5FFE2-E814-4BC3-BDC0-2E75C3AEC410}.AppStore|iPhoneSimulator.ActiveCfg = Release|Any CPU
		{20B5FFE2-E814-4BC3-BDC0-2E75C3AEC410}.AppStore|Mixed Platforms.ActiveCfg = Release|Any CPU
		{20B5FFE2-E814-4BC3-BDC0-2E75C3AEC410}.AppStore|Mixed Platforms.Build.0 = Release|Any CPU
		{20B5FFE2-E814-4BC3-BDC0-2E75C3AEC410}.AppStore|x86.ActiveCfg = Release|Any CPU
		{20B5FFE2-E814-4BC3-BDC0-2E75C3AEC410}.Debug|Any CPU.ActiveCfg = Debug|Any CPU
		{20B5FFE2-E814-4BC3-BDC0-2E75C3AEC410}.Debug|Any CPU.Build.0 = Debug|Any CPU
		{20B5FFE2-E814-4BC3-BDC0-2E75C3AEC410}.Debug|ARM.ActiveCfg = Debug|Any CPU
		{20B5FFE2-E814-4BC3-BDC0-2E75C3AEC410}.Debug|iPhone.ActiveCfg = Debug|Any CPU
		{20B5FFE2-E814-4BC3-BDC0-2E75C3AEC410}.Debug|iPhoneSimulator.ActiveCfg = Debug|Any CPU
		{20B5FFE2-E814-4BC3-BDC0-2E75C3AEC410}.Debug|Mixed Platforms.ActiveCfg = Debug|Any CPU
		{20B5FFE2-E814-4BC3-BDC0-2E75C3AEC410}.Debug|Mixed Platforms.Build.0 = Debug|Any CPU
		{20B5FFE2-E814-4BC3-BDC0-2E75C3AEC410}.Debug|x86.ActiveCfg = Debug|Any CPU
		{20B5FFE2-E814-4BC3-BDC0-2E75C3AEC410}.Release|Any CPU.ActiveCfg = Release|Any CPU
		{20B5FFE2-E814-4BC3-BDC0-2E75C3AEC410}.Release|Any CPU.Build.0 = Release|Any CPU
		{20B5FFE2-E814-4BC3-BDC0-2E75C3AEC410}.Release|ARM.ActiveCfg = Release|Any CPU
		{20B5FFE2-E814-4BC3-BDC0-2E75C3AEC410}.Release|iPhone.ActiveCfg = Release|Any CPU
		{20B5FFE2-E814-4BC3-BDC0-2E75C3AEC410}.Release|iPhoneSimulator.ActiveCfg = Release|Any CPU
		{20B5FFE2-E814-4BC3-BDC0-2E75C3AEC410}.Release|Mixed Platforms.ActiveCfg = Release|Any CPU
		{20B5FFE2-E814-4BC3-BDC0-2E75C3AEC410}.Release|Mixed Platforms.Build.0 = Release|Any CPU
		{20B5FFE2-E814-4BC3-BDC0-2E75C3AEC410}.Release|x86.ActiveCfg = Release|Any CPU
	EndGlobalSection
	GlobalSection(SolutionProperties) = preSolution
		HideSolutionNode = FALSE
	EndGlobalSection
	GlobalSection(MonoDevelopProperties) = preSolution
		StartupItem = Rnet.Android\Rnet.Android.csproj
	EndGlobalSection
EndGlobal
