
Microsoft Visual Studio Solution File, Format Version 11.00
# Visual Studio 2010
Project("{FAE04EC0-301F-11D3-BF4B-00C04F79EFBC}") = "Rnet.Android", "Rnet.Android.csproj", "{8866AD46-C3D6-4AB9-A095-1A31893B597B}"
EndProject
Global
	GlobalSection(SolutionConfigurationPlatforms) = preSolution
		Debug|Any CPU = Debug|Any CPU
		Release|Any CPU = Release|Any CPU
	EndGlobalSection
	GlobalSection(ProjectConfigurationPlatforms) = postSolution
		{8866AD46-C3D6-4AB9-A095-1A31893B597B}.Debug|Any CPU.ActiveCfg = Debug|Any CPU
		{8866AD46-C3D6-4AB9-A095-1A31893B597B}.Debug|Any CPU.Build.0 = Debug|Any CPU
		{8866AD46-C3D6-4AB9-A095-1A31893B597B}.Release|Any CPU.ActiveCfg = Release|Any CPU
		{8866AD46-C3D6-4AB9-A095-1A31893B597B}.Release|Any CPU.Build.0 = Release|Any CPU
	EndGlobalSection
	GlobalSection(MonoDevelopProperties) = preSolution
		StartupItem = Rnet.Android.csproj
	EndGlobalSection
EndGlobal
